{
  "version": 2,
  "dependencies": {
    "net10.0": {
      "Microsoft.Extensions.AI.Abstractions": {
        "type": "Transitive",
        "resolved": "10.6.0",
        "contentHash": "JCkVoyqBqi9r3Vs5Qo5PfZobT0+CWeOx+9y9yggBxtW9s/X5CAoa7Iw/tP/rfUdz+nxRKMSBmrytYgwmu60lgA=="
      },
      "Microsoft.Extensions.Caching.Abstractions": {
        "type": "Transitive",
        "resolved": "10.0.8",
        "contentHash": "EoK2TwVR1daxmfXUPnvIYZSk5XQjHe45sGekox4kvMt88KQZQhDVzYW5Na5+oNwTuRpE48hipyGJg12F1Tm70w==",
        "dependencies": {
          "Microsoft.Extensions.Primitives": "10.0.8"
        }
      },
      "Microsoft.Extensions.Logging.Abstractions": {
        "type": "Transitive",
        "resolved": "10.0.8",
        "contentHash": "fdVadZmsC8jRP0KvKy8mO8f6GV/HyBvElfcSxEhd+5FM5boAw/01iSaCto5G3G37ApJira4A3pNaVvBv8cUiLQ==",
        "dependencies": {
          "Microsoft.Extensions.DependencyInjection.Abstractions": "10.0.8"
        }
      },
      "Microsoft.Extensions.Primitives": {
        "type": "Transitive",
        "resolved": "10.0.8",
        "contentHash": "OBPo4nYhMyIbtueoC10CBm6AGAbo/A9IV8QQ/6ryZS7VvmqpGT7hunazeHLxFawRzn3oLOq4jhqhpBX4tfswWQ=="
      },
      "System.Numerics.Tensors": {
        "type": "Transitive",
        "resolved": "10.0.8",
        "contentHash": "pcyglC5R0BXGyD8cntjFXJhACpPyk7H7eN0zKW/5d5MIcmRUPVZrjytZ2Bsn9igzQJGg5xIOOokPHFLnfiEuxQ=="
      },
      "CircuitDotNet": {
        "type": "Project",
        "dependencies": {
          "CircuitDotNet.Core": "[0.1.0-alpha.1, )",
          "Microsoft.Extensions.AI": "[10.6.0, )"
        }
      },
      "CircuitDotNet.Core": {
        "type": "Project",
        "dependencies": {
          "FSharp.Core": "[10.1.301, )"
        }
      },
      "FSharp.Core": {
        "type": "CentralTransitive",
        "requested": "[10.1.301, )",
        "resolved": "10.1.301",
        "contentHash": "FwQFuqOA1+qQnFl6Vqg6piS83ZRuKJqXJQxOM52M5tNarT2XQ/pMvw8fOOlnhcOYvdZyje2PJ8rK/J64ZI729Q=="
      },
      "Microsoft.Extensions.AI": {
        "type": "CentralTransitive",
        "requested": "[10.6.0, )",
        "resolved": "10.6.0",
        "contentHash": "30EQA5M7ouoC1rhK0WARh+qm0CSvHToEV9MwkFY7tp42RAFnofirklXP0R/E9xi3pcbJtkNs0Ty2wromtUgXLw==",
        "dependencies": {
          "Microsoft.Extensions.AI.Abstractions": "10.6.0",
          "Microsoft.Extensions.Caching.Abstractions": "10.0.8",
          "Microsoft.Extensions.DependencyInjection.Abstractions": "10.0.8",
          "Microsoft.Extensions.Logging.Abstractions": "10.0.8",
          "System.Numerics.Tensors": "10.0.8"
        }
      },
      "Microsoft.Extensions.DependencyInjection.Abstractions": {
        "type": "CentralTransitive",
        "requested": "[10.0.9, )",
        "resolved": "10.0.9",
        "contentHash": "g41l/30G3K4B/d/L8kjux0+30e27c8D0FVQ/PFCpbekgfDpj9mnDhieP67EqXWvl1EWNeZh2rpR4F5B/jcDOHA=="
      }
    }
  }
}